// !$*UTF8*$!
{
	archiveVersion = 1;
	classes = {
	};
	objectVersion = 48;
	objects = {

/* Begin PBXBuildFile section */
		A7B5CCFD1FF8E708004CF69F /* AppDelegate.swift in Sources */ = {isa = PBXBuildFile; fileRef = A7B5CCFC1FF8E708004CF69F /* AppDelegate.swift */; };
		A7B5CCFF1FF8E708004CF69F /* ViewController.swift in Sources */ = {isa = PBXBuildFile; fileRef = A7B5CCFE1FF8E708004CF69F /* ViewController.swift */; };
		A7B5CD021FF8E708004CF69F /* Main.storyboard in Resources */ = {isa = PBXBuildFile; fileRef = A7B5CD001FF8E708004CF69F /* Main.storyboard */; };
		A7B5CD041FF8E708004CF69F /* Assets.xcassets in Resources */ = {isa = PBXBuildFile; fileRef = A7B5CD031FF8E708004CF69F /* Assets.xcassets */; };
		A7B5CD071FF8E708004CF69F /* LaunchScreen.storyboard in Resources */ = {isa = PBXBuildFile; fileRef = A7B5CD051FF8E708004CF69F /* LaunchScreen.storyboard */; };
		A7B5CD0F1FF8E811004CF69F /* CurrencyModel.swift in Sources */ = {isa = PBXBuildFile; fileRef = A7B5CD0E1FF8E811004CF69F /* CurrencyModel.swift */; };
/* End PBXBuildFile section */

/* Begin PBXFileReference section */
		A7B5CCF91FF8E708004CF69F /* Swif JSON.app */ = {isa = PBXFileReference; explicitFileType = wrapper.application; includeInIndex = 0; path = "Swif JSON.app"; sourceTree = BUILT_PRODUCTS_DIR; };
		A7B5CCFC1FF8E708004CF69F /* AppDelegate.swift */ = {isa = PBXFileReference; lastKnownFileType = sourcecode.swift; path = AppDelegate.swift; sourceTree = "<group>"; };
		A7B5CCFE1FF8E708004CF69F /* ViewController.swift */ = {isa = PBXFileReference; lastKnownFileType = sourcecode.swift; path = ViewController.swift; sourceTree = "<group>"; };
		A7B5CD011FF8E708004CF69F /* Base */ = {isa = PBXFileReference; lastKnownFileType = file.storyboard; name = Base; path = Base.lproj/Main.storyboard; sourceTree = "<group>"; };
		A7B5CD031FF8E708004CF69F /* Assets.xcassets */ = {isa = PBXFileReference; lastKnownFileType = folder.assetcatalog; path = Assets.xcassets; sourceTree = "<group>"; };
		A7B5CD061FF8E708004CF69F /* Base */ = {isa = PBXFileReference; lastKnownFileType = file.storyboard; name = Base; path = Base.lproj/LaunchScreen.storyboard; sourceTree = "<group>"; };
		A7B5CD081FF8E708004CF69F /* Info.plist */ = {isa = PBXFileReference; lastKnownFileType = text.plist.xml; path = Info.plist; sourceTree = "<group>"; };
		A7B5CD0E1FF8E811004CF69F /* CurrencyModel.swift */ = {isa = PBXFileReference; lastKnownFileType = sourcecode.swift; path = CurrencyModel.swift; sourceTree = "<group>"; };
/* End PBXFileReference section */

/* Begin PBXFrameworksBuildPhase section */
		A7B5CCF61FF8E708004CF69F /* Frameworks */ = {
			isa = PBXFrameworksBuildPhase;
			buildActionMask = 2147483647;
			files = (
			);
			runOnlyForDeploymentPostprocessing = 0;
		};
/* End PBXFrameworksBuildPhase section */

/* Begin PBXGroup section */
		A7B5CCF01FF8E708004CF69F = {
			isa = PBXGroup;
			children = (
				A7B5CCFB1FF8E708004CF69F /* Swif JSON */,
				A7B5CCFA1FF8E708004CF69F /* Products */,
			);
			sourceTree = "<group>";
		};
		A7B5CCFA1FF8E708004CF69F /* Products */ = {
			isa = PBXGroup;
			children = (
				A7B5CCF91FF8E708004CF69F /* Swif JSON.app */,
			);
			name = Products;
			sourceTree = "<group>";
		};
		A7B5CCFB1FF8E708004CF69F /* Swif JSON */ = {
			isa = PBXGroup;
			children = (
				A7B5CCFC1FF8E708004CF69F /* AppDelegate.swift */,
				A7B5CCFE1FF8E708004CF69F /* ViewController.swift */,
				A7B5CD0E1FF8E811004CF69F /* CurrencyModel.swift */,
				A7B5CD001FF8E708004CF69F /* Main.storyboard */,
				A7B5CD031FF8E708004CF69F /* Assets.xcassets */,
				A7B5CD051FF8E708004CF69F /* LaunchScreen.storyboard */,
				A7B5CD081FF8E708004CF69F /* Info.plist */,
			);
			path = "Swif JSON";
			sourceTree = "<group>";
		};
/* End PBXGroup section */

/* Begin PBXNativeTarget section */
		A7B5CCF81FF8E708004CF69F /* Swif JSON */ = {
			isa = PBXNativeTarget;
			buildConfigurationList = A7B5CD0B1FF8E708004CF69F /* Build configuration list for PBXNativeTarget "Swif JSON" */;
			buildPhases = (
				A7B5CCF51FF8E708004CF69F /* Sources */,
				A7B5CCF61FF8E708004CF69F /* Frameworks */,
				A7B5CCF71FF8E708004CF69F /* Resources */,
			);
			buildRules = (
			);
			dependencies = (
			);
			name = "Swif JSON";
			productName = "Swif JSON";
			productReference = A7B5CCF91FF8E708004CF69F /* Swif JSON.app */;
			productType = "com.apple.product-type.application";
		};
/* End PBXNativeTarget section */

/* Begin PBXProject section */
		A7B5CCF11FF8E708004CF69F /* Project object */ = {
			isa = PBXProject;
			attributes = {
				LastSwiftUpdateCheck = 0920;
				LastUpgradeCheck = 0920;
				ORGANIZATIONNAME = "Samet ÇELİKBIÇAK";
				TargetAttributes = {
					A7B5CCF81FF8E708004CF69F = {
						CreatedOnToolsVersion = 9.2;
						ProvisioningStyle = Automatic;
					};
				};
			};
			buildConfigurationList = A7B5CCF41FF8E708004CF69F /* Build configuration list for PBXProject "Swif JSON" */;
			compatibilityVersion = "Xcode 8.0";
			developmentRegion = en;
			hasScannedForEncodings = 0;
			knownRegions = (
				en,
				Base,
			);
			mainGroup = A7B5CCF01FF8E708004CF69F;
			productRefGroup = A7B5CCFA1FF8E708004CF69F /* Products */;
			projectDirPath = "";
			projectRoot = "";
			targets = (
				A7B5CCF81FF8E708004CF69F /* Swif JSON */,
			);
		};
/* End PBXProject section */

/* Begin PBXResourcesBuildPhase section */
		A7B5CCF71FF8E708004CF69F /* Resources */ = {
			isa = PBXResourcesBuildPhase;
			buildActionMask = 2147483647;
			files = (
				A7B5CD071FF8E708004CF69F /* LaunchScreen.storyboard in Resources */,
				A7B5CD041FF8E708004CF69F /* Assets.xcassets in Resources */,
				A7B5CD021FF8E708004CF69F /* Main.storyboard in Resources */,
			);
			runOnlyForDeploymentPostprocessing = 0;
		};
/* End PBXResourcesBuildPhase section */

/* Begin PBXSourcesBuildPhase section */
		A7B5CCF51FF8E708004CF69F /* Sources */ = {
			isa = PBXSourcesBuildPhase;
			buildActionMask = 2147483647;
			files = (
				A7B5CCFF1FF8E708004CF69F /* ViewController.swift in Sources */,
				A7B5CCFD1FF8E708004CF69F /* AppDelegate.swift in Sources */,
				A7B5CD0F1FF8E811004CF69F /* CurrencyModel.swift in Sources */,
			);
			runOnlyForDeploymentPostprocessing = 0;
		};
/* End PBXSourcesBuildPhase section */

/* Begin PBXVariantGroup section */
		A7B5CD001FF8E708004CF69F /* Main.storyboard */ = {
			isa = PBXVariantGroup;
			children = (
				A7B5CD011FF8E708004CF69F /* Base */,
			);
			name = Main.storyboard;
			sourceTree = "<group>";
		};
		A7B5CD051FF8E708004CF69F /* LaunchScreen.storyboard */ = {
			isa = PBXVariantGroup;
			children = (
				A7B5CD061FF8E708004CF69F /* Base */,
			);
			name = LaunchScreen.storyboard;
			sourceTree = "<group>";
		};
/* End PBXVariantGroup section */

/* Begin XCBuildConfiguration section */
		A7B5CD091FF8E708004CF69F /* Debug */ = {
			isa = XCBuildConfiguration;
			buildSettings = {
				ALWAYS_SEARCH_USER_PATHS = NO;
				CLANG_ANALYZER_NONNULL = YES;
				CLANG_ANALYZER_NUMBER_OBJECT_CONVERSION = YES_AGGRESSIVE;
				CLANG_CXX_LANGUAGE_STANDARD = "gnu++14";
				CLANG_CXX_LIBRARY = "libc++";
				CLANG_ENABLE_MODULES = YES;
				CLANG_ENABLE_OBJC_ARC = YES;
				CLANG_WARN_BLOCK_CAPTURE_AUTORELEASING = YES;
				CLANG_WARN_BOOL_CONVERSION = YES;
				CLANG_WARN_COMMA = YES;
				CLANG_WARN_CONSTANT_CONVERSION = YES;
				CLANG_WARN_DIRECT_OBJC_ISA_USAGE = YES_ERROR;
				CLANG_WARN_DOCUMENTATION_COMMENTS = YES;
				CLANG_WARN_EMPTY_BODY = YES;
				CLANG_WARN_ENUM_CONVERSION = YES;
				CLANG_WARN_INFINITE_RECURSION = YES;
				CLANG_WARN_INT_CONVERSION = YES;
				CLANG_WARN_NON_LITERAL_NULL_CONVERSION = YES;
				CLANG_WARN_OBJC_LITERAL_CONVERSION = YES;
				CLANG_WARN_OBJC_ROOT_CLASS = YES_ERROR;
				CLANG_WARN_RANGE_LOOP_ANALYSIS = YES;
				CLANG_WARN_STRICT_PROTOTYPES = YES;
				CLANG_WARN_SUSPICIOUS_MOVE = YES;
				CLANG_WARN_UNGUARDED_AVAILABILITY = YES_AGGRESSIVE;
				CLANG_WARN_UNREACHABLE_CODE = YES;
				CLANG_WARN__DUPLICATE_METHOD_MATCH = YES;
				CODE_SIGN_IDENTITY = "iPhone Developer";
				COPY_PHASE_STRIP = NO;
				DEBUG_INFORMATION_FORMAT = dwarf;
				ENABLE_STRICT_OBJC_MSGSEND = YES;
				ENABLE_TESTABILITY = YES;
				GCC_C_LANGUAGE_STANDARD = gnu11;
				GCC_DYNAMIC_NO_PIC = NO;
				GCC_NO_COMMON_BLOCKS = YES;
				GCC_OPTIMIZATION_LEVEL = 0;
				GCC_PREPROCESSOR_DEFINITIONS = (
					"DEBUG=1",
					"$(inherited)",
				);
				GCC_WARN_64_TO_32_BIT_CONVERSION = YES;
				GCC_WARN_ABOUT_RETURN_TYPE = YES_ERROR;
				GCC_WARN_UNDECLARED_SELECTOR = YES;
				GCC_WARN_UNINITIALIZED_AUTOS = YES_AGGRESSIVE;
				GCC_WARN_UNUSED_FUNCTION = YES;
				GCC_WARN_UNUSED_VARIABLE = YES;
				IPHONEOS_DEPLOYMENT_TARGET = 11.2;
				MTL_ENABLE_DEBUG_INFO = YES;
				ONLY_ACTIVE_ARCH = YES;
				SDKROOT = iphoneos;
				SWIFT_ACTIVE_COMPILATION_CONDITIONS = DEBUG;
				SWIFT_OPTIMIZATION_LEVEL = "-Onone";
			};
			name = Debug;
		};
		A7B5CD0A1FF8E708004CF69F /* Release */ = {
			isa = XCBuildConfiguration;
			buildSettings = {
				ALWAYS_SEARCH_USER_PATHS = NO;
				CLANG_ANALYZER_NONNULL = YES;
				CLANG_ANALYZER_NUMBER_OBJECT_CONVERSION = YES_AGGRESSIVE;
				CLANG_CXX_LANGUAGE_STANDARD = "gnu++14";
				CLANG_CXX_LIBRARY = "libc++";
				CLANG_ENABLE_MODULES = YES;
				CLANG_ENABLE_OBJC_ARC = YES;
				CLANG_WARN_BLOCK_CAPTURE_AUTORELEASING = YES;
				CLANG_WARN_BOOL_CONVERSION = YES;
				CLANG_WARN_COMMA = YES;
				CLANG_WARN_CONSTANT_CONVERSION = YES;
				CLANG_WARN_DIRECT_OBJC_ISA_USAGE = YES_ERROR;
				CLANG_WARN_DOCUMENTATION_COMMENTS = YES;
				CLANG_WARN_EMPTY_BODY = YES;
				CLANG_WARN_ENUM_CONVERSION = YES;
				CLANG_WARN_INFINITE_RECURSION = YES;
				CLANG_WARN_INT_CONVERSION = YES;
				CLANG_WARN_NON_LITERAL_NULL_CONVERSION = YES;
				CLANG_WARN_OBJC_LITERAL_CONVERSION = YES;
				CLANG_WARN_OBJC_ROOT_CLASS = YES_ERROR;
				CLANG_WARN_RANGE_LOOP_ANALYSIS = YES;
				CLANG_WARN_STRICT_PROTOTYPES = YES;
				CLANG_WARN_SUSPICIOUS_MOVE = YES;
				CLANG_WARN_UNGUARDED_AVAILABILITY = YES_AGGRESSIVE;
				CLANG_WARN_UNREACHABLE_CODE = YES;
				CLANG_WARN__DUPLICATE_METHOD_MATCH = YES;
				CODE_SIGN_IDENTITY = "iPhone Developer";
				COPY_PHASE_STRIP = NO;
				DEBUG_INFORMATION_FORMAT = "dwarf-with-dsym";
				ENABLE_NS_ASSERTIONS = NO;
				ENABLE_STRICT_OBJC_MSGSEND = YES;
				GCC_C_LANGUAGE_STANDARD = gnu11;
				GCC_NO_COMMON_BLOCKS = YES;
				GCC_WARN_64_TO_32_BIT_CONVERSION = YES;
				GCC_WARN_ABOUT_RETURN_TYPE = YES_ERROR;
				GCC_WARN_UNDECLARED_SELECTOR = YES;
				GCC_WARN_UNINITIALIZED_AUTOS = YES_AGGRESSIVE;
				GCC_WARN_UNUSED_FUNCTION = YES;
				GCC_WARN_UNUSED_VARIABLE = YES;
				IPHONEOS_DEPLOYMENT_TARGET = 11.2;
				MTL_ENABLE_DEBUG_INFO = NO;
				SDKROOT = iphoneos;
				SWIFT_OPTIMIZATION_LEVEL = "-Owholemodule";
				VALIDATE_PRODUCT = YES;
			};
			name = Release;
		};
		A7B5CD0C1FF8E708004CF69F /* Debug */ = {
			isa = XCBuildConfiguration;
			buildSettings = {
				ASSETCATALOG_COMPILER_APPICON_NAME = AppIcon;
				CODE_SIGN_STYLE = Automatic;
				DEVELOPMENT_TEAM = AR5JJM7SYD;
				INFOPLIST_FILE = "Swif JSON/Info.plist";
				LD_RUNPATH_SEARCH_PATHS = "$(inherited) @executable_path/Frameworks";
				PRODUCT_BUNDLE_IDENTIFIER = "com.sametcelikbicak.Swif-JSON";
				PRODUCT_NAME = "$(TARGET_NAME)";
				SWIFT_VERSION = 4.0;
				TARGETED_DEVICE_FAMILY = "1,2";
			};
			name = Debug;
		};
		A7B5CD0D1FF8E708004CF69F /* Release */ = {
			isa = XCBuildConfiguration;
			buildSettings = {
				ASSETCATALOG_COMPILER_APPICON_NAME = AppIcon;
				CODE_SIGN_STYLE = Automatic;
				DEVELOPMENT_TEAM = AR5JJM7SYD;
				INFOPLIST_FILE = "Swif JSON/Info.plist";
				LD_RUNPATH_SEARCH_PATHS = "$(inherited) @executable_path/Frameworks";
				PRODUCT_BUNDLE_IDENTIFIER = "com.sametcelikbicak.Swif-JSON";
				PRODUCT_NAME = "$(TARGET_NAME)";
				SWIFT_VERSION = 4.0;
				TARGETED_DEVICE_FAMILY = "1,2";
			};
			name = Release;
		};
/* End XCBuildConfiguration section */

/* Begin XCConfigurationList section */
		A7B5CCF41FF8E708004CF69F /* Build configuration list for PBXProject "Swif JSON" */ = {
			isa = XCConfigurationList;
			buildConfigurations = (
				A7B5CD091FF8E708004CF69F /* Debug */,
				A7B5CD0A1FF8E708004CF69F /* Release */,
			);
			defaultConfigurationIsVisible = 0;
			defaultConfigurationName = Release;
		};
		A7B5CD0B1FF8E708004CF69F /* Build configuration list for PBXNativeTarget "Swif JSON" */ = {
			isa = XCConfigurationList;
			buildConfigurations = (
				A7B5CD0C1FF8E708004CF69F /* Debug */,
				A7B5CD0D1FF8E708004CF69F /* Release */,
			);
			defaultConfigurationIsVisible = 0;
			defaultConfigurationName = Release;
		};
/* End XCConfigurationList section */
	};
	rootObject = A7B5CCF11FF8E708004CF69F /* Project object */;
}
